// !$*UTF8*$!
{
	archiveVersion = 1;
	classes = {
	};
	objectVersion = 50;
	objects = {

/* Begin PBXBuildFile section */
		84329DA62191E495004CA9D6 /* main.cpp in Sources */ = {isa = PBXBuildFile; fileRef = 84329DA52191E495004CA9D6 /* main.cpp */; };
		84329DAF2191E701004CA9D6 /* ogladadlo.cpp in Sources */ = {isa = PBXBuildFile; fileRef = 84329DAE2191E701004CA9D6 /* ogladadlo.cpp */; };
		84329DB12191EEB1004CA9D6 /* event.cpp in Sources */ = {isa = PBXBuildFile; fileRef = 84329DB02191EEB1004CA9D6 /* event.cpp */; };
		84329DB52191F25C004CA9D6 /* film.cpp in Sources */ = {isa = PBXBuildFile; fileRef = 84329DB42191F25C004CA9D6 /* film.cpp */; };
		84329DB72191F660004CA9D6 /* serial.cpp in Sources */ = {isa = PBXBuildFile; fileRef = 84329DB62191F660004CA9D6 /* serial.cpp */; };
		84329DBB2191F760004CA9D6 /* zakonczony.cpp in Sources */ = {isa = PBXBuildFile; fileRef = 84329DBA2191F760004CA9D6 /* zakonczony.cpp */; };
		84329DBD2192102E004CA9D6 /* trwajacy.cpp in Sources */ = {isa = PBXBuildFile; fileRef = 84329DBC2192102E004CA9D6 /* trwajacy.cpp */; };
		84329DC0219212A7004CA9D6 /* uzytkownik.cpp in Sources */ = {isa = PBXBuildFile; fileRef = 84329DBF219212A7004CA9D6 /* uzytkownik.cpp */; };
		84329DC4219214CE004CA9D6 /* baza.cpp in Sources */ = {isa = PBXBuildFile; fileRef = 84329DC3219214CE004CA9D6 /* baza.cpp */; };
/* End PBXBuildFile section */

/* Begin PBXCopyFilesBuildPhase section */
		84329DA02191E495004CA9D6 /* CopyFiles */ = {
			isa = PBXCopyFilesBuildPhase;
			buildActionMask = 2147483647;
			dstPath = /usr/share/man/man1/;
			dstSubfolderSpec = 0;
			files = (
			);
			runOnlyForDeploymentPostprocessing = 1;
		};
/* End PBXCopyFilesBuildPhase section */

/* Begin PBXFileReference section */
		84329DA22191E495004CA9D6 /* serialowabaza */ = {isa = PBXFileReference; explicitFileType = "compiled.mach-o.executable"; includeInIndex = 0; path = serialowabaza; sourceTree = BUILT_PRODUCTS_DIR; };
		84329DA52191E495004CA9D6 /* main.cpp */ = {isa = PBXFileReference; lastKnownFileType = sourcecode.cpp.cpp; path = main.cpp; sourceTree = "<group>"; };
		84329DAC2191E4F8004CA9D6 /* blad.h */ = {isa = PBXFileReference; lastKnownFileType = sourcecode.c.h; path = blad.h; sourceTree = "<group>"; };
		84329DAD2191E6EE004CA9D6 /* ogladadlo.h */ = {isa = PBXFileReference; lastKnownFileType = sourcecode.c.h; path = ogladadlo.h; sourceTree = "<group>"; };
		84329DAE2191E701004CA9D6 /* ogladadlo.cpp */ = {isa = PBXFileReference; lastKnownFileType = sourcecode.cpp.cpp; path = ogladadlo.cpp; sourceTree = "<group>"; };
		84329DB02191EEB1004CA9D6 /* event.cpp */ = {isa = PBXFileReference; lastKnownFileType = sourcecode.cpp.cpp; path = event.cpp; sourceTree = "<group>"; };
		84329DB22191EEBB004CA9D6 /* event.h */ = {isa = PBXFileReference; lastKnownFileType = sourcecode.c.h; path = event.h; sourceTree = "<group>"; };
		84329DB32191F24E004CA9D6 /* film.h */ = {isa = PBXFileReference; lastKnownFileType = sourcecode.c.h; path = film.h; sourceTree = "<group>"; };
		84329DB42191F25C004CA9D6 /* film.cpp */ = {isa = PBXFileReference; lastKnownFileType = sourcecode.cpp.cpp; path = film.cpp; sourceTree = "<group>"; };
		84329DB62191F660004CA9D6 /* serial.cpp */ = {isa = PBXFileReference; lastKnownFileType = sourcecode.cpp.cpp; path = serial.cpp; sourceTree = "<group>"; };
		84329DB82191F66E004CA9D6 /* serial.h */ = {isa = PBXFileReference; lastKnownFileType = sourcecode.c.h; path = serial.h; sourceTree = "<group>"; };
		84329DB92191F752004CA9D6 /* zakonczony.h */ = {isa = PBXFileReference; lastKnownFileType = sourcecode.c.h; path = zakonczony.h; sourceTree = "<group>"; };
		84329DBA2191F760004CA9D6 /* zakonczony.cpp */ = {isa = PBXFileReference; lastKnownFileType = sourcecode.cpp.cpp; path = zakonczony.cpp; sourceTree = "<group>"; };
		84329DBC2192102E004CA9D6 /* trwajacy.cpp */ = {isa = PBXFileReference; lastKnownFileType = sourcecode.cpp.cpp; path = trwajacy.cpp; sourceTree = "<group>"; };
		84329DBE2192103C004CA9D6 /* trwajacy.h */ = {isa = PBXFileReference; lastKnownFileType = sourcecode.c.h; path = trwajacy.h; sourceTree = "<group>"; };
		84329DBF219212A7004CA9D6 /* uzytkownik.cpp */ = {isa = PBXFileReference; lastKnownFileType = sourcecode.cpp.cpp; path = uzytkownik.cpp; sourceTree = "<group>"; };
		84329DC1219212B4004CA9D6 /* uzytkownik.h */ = {isa = PBXFileReference; lastKnownFileType = sourcecode.c.h; path = uzytkownik.h; sourceTree = "<group>"; };
		84329DC2219214C2004CA9D6 /* baza.h */ = {isa = PBXFileReference; lastKnownFileType = sourcecode.c.h; path = baza.h; sourceTree = "<group>"; };
		84329DC3219214CE004CA9D6 /* baza.cpp */ = {isa = PBXFileReference; lastKnownFileType = sourcecode.cpp.cpp; path = baza.cpp; sourceTree = "<group>"; };
/* End PBXFileReference section */

/* Begin PBXFrameworksBuildPhase section */
		84329D9F2191E495004CA9D6 /* Frameworks */ = {
			isa = PBXFrameworksBuildPhase;
			buildActionMask = 2147483647;
			files = (
			);
			runOnlyForDeploymentPostprocessing = 0;
		};
/* End PBXFrameworksBuildPhase section */

/* Begin PBXGroup section */
		84329D992191E495004CA9D6 = {
			isa = PBXGroup;
			children = (
				84329DA42191E495004CA9D6 /* serialowabaza */,
				84329DA32191E495004CA9D6 /* Products */,
			);
			sourceTree = "<group>";
		};
		84329DA32191E495004CA9D6 /* Products */ = {
			isa = PBXGroup;
			children = (
				84329DA22191E495004CA9D6 /* serialowabaza */,
			);
			name = Products;
			sourceTree = "<group>";
		};
		84329DA42191E495004CA9D6 /* serialowabaza */ = {
			isa = PBXGroup;
			children = (
				84329DA52191E495004CA9D6 /* main.cpp */,
				84329DBF219212A7004CA9D6 /* uzytkownik.cpp */,
				84329DC1219212B4004CA9D6 /* uzytkownik.h */,
				84329DC2219214C2004CA9D6 /* baza.h */,
				84329DC3219214CE004CA9D6 /* baza.cpp */,
				84329DBC2192102E004CA9D6 /* trwajacy.cpp */,
				84329DBE2192103C004CA9D6 /* trwajacy.h */,
				84329DB92191F752004CA9D6 /* zakonczony.h */,
				84329DBA2191F760004CA9D6 /* zakonczony.cpp */,
				84329DB32191F24E004CA9D6 /* film.h */,
				84329DB42191F25C004CA9D6 /* film.cpp */,
				84329DB62191F660004CA9D6 /* serial.cpp */,
				84329DB82191F66E004CA9D6 /* serial.h */,
				84329DB02191EEB1004CA9D6 /* event.cpp */,
				84329DB22191EEBB004CA9D6 /* event.h */,
				84329DAD2191E6EE004CA9D6 /* ogladadlo.h */,
				84329DAE2191E701004CA9D6 /* ogladadlo.cpp */,
				84329DAC2191E4F8004CA9D6 /* blad.h */,
			);
			path = serialowabaza;
			sourceTree = "<group>";
		};
/* End PBXGroup section */

/* Begin PBXNativeTarget section */
		84329DA12191E495004CA9D6 /* serialowabaza */ = {
			isa = PBXNativeTarget;
			buildConfigurationList = 84329DA92191E495004CA9D6 /* Build configuration list for PBXNativeTarget "serialowabaza" */;
			buildPhases = (
				84329D9E2191E495004CA9D6 /* Sources */,
				84329D9F2191E495004CA9D6 /* Frameworks */,
				84329DA02191E495004CA9D6 /* CopyFiles */,
			);
			buildRules = (
			);
			dependencies = (
			);
			name = serialowabaza;
			productName = serialowabaza;
			productReference = 84329DA22191E495004CA9D6 /* serialowabaza */;
			productType = "com.apple.product-type.tool";
		};
/* End PBXNativeTarget section */

/* Begin PBXProject section */
		84329D9A2191E495004CA9D6 /* Project object */ = {
			isa = PBXProject;
			attributes = {
				LastUpgradeCheck = 0940;
				ORGANIZATIONNAME = Julia;
				TargetAttributes = {
					84329DA12191E495004CA9D6 = {
						CreatedOnToolsVersion = 9.4;
					};
				};
			};
			buildConfigurationList = 84329D9D2191E495004CA9D6 /* Build configuration list for PBXProject "serialowabaza" */;
			compatibilityVersion = "Xcode 9.3";
			developmentRegion = en;
			hasScannedForEncodings = 0;
			knownRegions = (
				en,
			);
			mainGroup = 84329D992191E495004CA9D6;
			productRefGroup = 84329DA32191E495004CA9D6 /* Products */;
			projectDirPath = "";
			projectRoot = "";
			targets = (
				84329DA12191E495004CA9D6 /* serialowabaza */,
			);
		};
/* End PBXProject section */

/* Begin PBXSourcesBuildPhase section */
		84329D9E2191E495004CA9D6 /* Sources */ = {
			isa = PBXSourcesBuildPhase;
			buildActionMask = 2147483647;
			files = (
				84329DBD2192102E004CA9D6 /* trwajacy.cpp in Sources */,
				84329DA62191E495004CA9D6 /* main.cpp in Sources */,
				84329DC4219214CE004CA9D6 /* baza.cpp in Sources */,
				84329DBB2191F760004CA9D6 /* zakonczony.cpp in Sources */,
				84329DB52191F25C004CA9D6 /* film.cpp in Sources */,
				84329DB12191EEB1004CA9D6 /* event.cpp in Sources */,
				84329DB72191F660004CA9D6 /* serial.cpp in Sources */,
				84329DC0219212A7004CA9D6 /* uzytkownik.cpp in Sources */,
				84329DAF2191E701004CA9D6 /* ogladadlo.cpp in Sources */,
			);
			runOnlyForDeploymentPostprocessing = 0;
		};
/* End PBXSourcesBuildPhase section */

/* Begin XCBuildConfiguration section */
		84329DA72191E495004CA9D6 /* Debug */ = {
			isa = XCBuildConfiguration;
			buildSettings = {
				ALWAYS_SEARCH_USER_PATHS = NO;
				CLANG_ANALYZER_NONNULL = YES;
				CLANG_ANALYZER_NUMBER_OBJECT_CONVERSION = YES_AGGRESSIVE;
				CLANG_CXX_LANGUAGE_STANDARD = "gnu++14";
				CLANG_CXX_LIBRARY = "libc++";
				CLANG_ENABLE_MODULES = YES;
				CLANG_ENABLE_OBJC_ARC = YES;
				CLANG_ENABLE_OBJC_WEAK = YES;
				CLANG_WARN_BLOCK_CAPTURE_AUTORELEASING = YES;
				CLANG_WARN_BOOL_CONVERSION = YES;
				CLANG_WARN_COMMA = YES;
				CLANG_WARN_CONSTANT_CONVERSION = YES;
				CLANG_WARN_DEPRECATED_OBJC_IMPLEMENTATIONS = YES;
				CLANG_WARN_DIRECT_OBJC_ISA_USAGE = YES_ERROR;
				CLANG_WARN_DOCUMENTATION_COMMENTS = YES;
				CLANG_WARN_EMPTY_BODY = YES;
				CLANG_WARN_ENUM_CONVERSION = YES;
				CLANG_WARN_INFINITE_RECURSION = YES;
				CLANG_WARN_INT_CONVERSION = YES;
				CLANG_WARN_NON_LITERAL_NULL_CONVERSION = YES;
				CLANG_WARN_OBJC_IMPLICIT_RETAIN_SELF = YES;
				CLANG_WARN_OBJC_LITERAL_CONVERSION = YES;
				CLANG_WARN_OBJC_ROOT_CLASS = YES_ERROR;
				CLANG_WARN_RANGE_LOOP_ANALYSIS = YES;
				CLANG_WARN_STRICT_PROTOTYPES = YES;
				CLANG_WARN_SUSPICIOUS_MOVE = YES;
				CLANG_WARN_UNGUARDED_AVAILABILITY = YES_AGGRESSIVE;
				CLANG_WARN_UNREACHABLE_CODE = YES;
				CLANG_WARN__DUPLICATE_METHOD_MATCH = YES;
				CODE_SIGN_IDENTITY = "-";
				COPY_PHASE_STRIP = NO;
				DEBUG_INFORMATION_FORMAT = dwarf;
				ENABLE_STRICT_OBJC_MSGSEND = YES;
				ENABLE_TESTABILITY = YES;
				GCC_C_LANGUAGE_STANDARD = gnu11;
				GCC_DYNAMIC_NO_PIC = NO;
				GCC_NO_COMMON_BLOCKS = YES;
				GCC_OPTIMIZATION_LEVEL = 0;
				GCC_PREPROCESSOR_DEFINITIONS = (
					"DEBUG=1",
					"$(inherited)",
				);
				GCC_WARN_64_TO_32_BIT_CONVERSION = YES;
				GCC_WARN_ABOUT_RETURN_TYPE = YES_ERROR;
				GCC_WARN_UNDECLARED_SELECTOR = YES;
				GCC_WARN_UNINITIALIZED_AUTOS = YES_AGGRESSIVE;
				GCC_WARN_UNUSED_FUNCTION = YES;
				GCC_WARN_UNUSED_VARIABLE = YES;
				MACOSX_DEPLOYMENT_TARGET = 10.13;
				MTL_ENABLE_DEBUG_INFO = YES;
				ONLY_ACTIVE_ARCH = YES;
				SDKROOT = macosx;
			};
			name = Debug;
		};
		84329DA82191E495004CA9D6 /* Release */ = {
			isa = XCBuildConfiguration;
			buildSettings = {
				ALWAYS_SEARCH_USER_PATHS = NO;
				CLANG_ANALYZER_NONNULL = YES;
				CLANG_ANALYZER_NUMBER_OBJECT_CONVERSION = YES_AGGRESSIVE;
				CLANG_CXX_LANGUAGE_STANDARD = "gnu++14";
				CLANG_CXX_LIBRARY = "libc++";
				CLANG_ENABLE_MODULES = YES;
				CLANG_ENABLE_OBJC_ARC = YES;
				CLANG_ENABLE_OBJC_WEAK = YES;
				CLANG_WARN_BLOCK_CAPTURE_AUTORELEASING = YES;
				CLANG_WARN_BOOL_CONVERSION = YES;
				CLANG_WARN_COMMA = YES;
				CLANG_WARN_CONSTANT_CONVERSION = YES;
				CLANG_WARN_DEPRECATED_OBJC_IMPLEMENTATIONS = YES;
				CLANG_WARN_DIRECT_OBJC_ISA_USAGE = YES_ERROR;
				CLANG_WARN_DOCUMENTATION_COMMENTS = YES;
				CLANG_WARN_EMPTY_BODY = YES;
				CLANG_WARN_ENUM_CONVERSION = YES;
				CLANG_WARN_INFINITE_RECURSION = YES;
				CLANG_WARN_INT_CONVERSION = YES;
				CLANG_WARN_NON_LITERAL_NULL_CONVERSION = YES;
				CLANG_WARN_OBJC_IMPLICIT_RETAIN_SELF = YES;
				CLANG_WARN_OBJC_LITERAL_CONVERSION = YES;
				CLANG_WARN_OBJC_ROOT_CLASS = YES_ERROR;
				CLANG_WARN_RANGE_LOOP_ANALYSIS = YES;
				CLANG_WARN_STRICT_PROTOTYPES = YES;
				CLANG_WARN_SUSPICIOUS_MOVE = YES;
				CLANG_WARN_UNGUARDED_AVAILABILITY = YES_AGGRESSIVE;
				CLANG_WARN_UNREACHABLE_CODE = YES;
				CLANG_WARN__DUPLICATE_METHOD_MATCH = YES;
				CODE_SIGN_IDENTITY = "-";
				COPY_PHASE_STRIP = NO;
				DEBUG_INFORMATION_FORMAT = "dwarf-with-dsym";
				ENABLE_NS_ASSERTIONS = NO;
				ENABLE_STRICT_OBJC_MSGSEND = YES;
				GCC_C_LANGUAGE_STANDARD = gnu11;
				GCC_NO_COMMON_BLOCKS = YES;
				GCC_WARN_64_TO_32_BIT_CONVERSION = YES;
				GCC_WARN_ABOUT_RETURN_TYPE = YES_ERROR;
				GCC_WARN_UNDECLARED_SELECTOR = YES;
				GCC_WARN_UNINITIALIZED_AUTOS = YES_AGGRESSIVE;
				GCC_WARN_UNUSED_FUNCTION = YES;
				GCC_WARN_UNUSED_VARIABLE = YES;
				MACOSX_DEPLOYMENT_TARGET = 10.13;
				MTL_ENABLE_DEBUG_INFO = NO;
				SDKROOT = macosx;
			};
			name = Release;
		};
		84329DAA2191E495004CA9D6 /* Debug */ = {
			isa = XCBuildConfiguration;
			buildSettings = {
				CODE_SIGN_STYLE = Automatic;
				PRODUCT_NAME = "$(TARGET_NAME)";
			};
			name = Debug;
		};
		84329DAB2191E495004CA9D6 /* Release */ = {
			isa = XCBuildConfiguration;
			buildSettings = {
				CODE_SIGN_STYLE = Automatic;
				PRODUCT_NAME = "$(TARGET_NAME)";
			};
			name = Release;
		};
/* End XCBuildConfiguration section */

/* Begin XCConfigurationList section */
		84329D9D2191E495004CA9D6 /* Build configuration list for PBXProject "serialowabaza" */ = {
			isa = XCConfigurationList;
			buildConfigurations = (
				84329DA72191E495004CA9D6 /* Debug */,
				84329DA82191E495004CA9D6 /* Release */,
			);
			defaultConfigurationIsVisible = 0;
			defaultConfigurationName = Release;
		};
		84329DA92191E495004CA9D6 /* Build configuration list for PBXNativeTarget "serialowabaza" */ = {
			isa = XCConfigurationList;
			buildConfigurations = (
				84329DAA2191E495004CA9D6 /* Debug */,
				84329DAB2191E495004CA9D6 /* Release */,
			);
			defaultConfigurationIsVisible = 0;
			defaultConfigurationName = Release;
		};
/* End XCConfigurationList section */
	};
	rootObject = 84329D9A2191E495004CA9D6 /* Project object */;
}
